
Microsoft Visual Studio Solution File, Format Version 12.00
# Visual Studio Version 16
VisualStudioVersion = 16.0.30011.22
MinimumVisualStudioVersion = 10.0.40219.1
Project("{FAE04EC0-301F-11D3-BF4B-00C04F79EFBC}") = "MyMath", "MyMath.csproj", "{5D08D122-1BCF-4ABD-9DBA-B3E535AE4CCD}"
EndProject
Project("{FAE04EC0-301F-11D3-BF4B-00C04F79EFBC}") = "MathsTests", "..\MathsTests\MathsTests.csproj", "{5603CAC8-F014-43D8-9C96-2DA3EEC37999}"
EndProject
Global
	GlobalSection(SolutionConfigurationPlatforms) = preSolution
		Debug|Any CPU = Debug|Any CPU
		Release|Any CPU = Release|Any CPU
	EndGlobalSection
	GlobalSection(ProjectConfigurationPlatforms) = postSolution
		{5D08D122-1BCF-4ABD-9DBA-B3E535AE4CCD}.Debug|Any CPU.ActiveCfg = Debug|Any CPU
		{5D08D122-1BCF-4ABD-9DBA-B3E535AE4CCD}.Debug|Any CPU.Build.0 = Debug|Any CPU
		{5D08D122-1BCF-4ABD-9DBA-B3E535AE4CCD}.Release|Any CPU.ActiveCfg = Release|Any CPU
		{5D08D122-1BCF-4ABD-9DBA-B3E535AE4CCD}.Release|Any CPU.Build.0 = Release|Any CPU
		{5603CAC8-F014-43D8-9C96-2DA3EEC37999}.Debug|Any CPU.ActiveCfg = Debug|Any CPU
		{5603CAC8-F014-43D8-9C96-2DA3EEC37999}.Debug|Any CPU.Build.0 = Debug|Any CPU
		{5603CAC8-F014-43D8-9C96-2DA3EEC37999}.Release|Any CPU.ActiveCfg = Release|Any CPU
		{5603CAC8-F014-43D8-9C96-2DA3EEC37999}.Release|Any CPU.Build.0 = Release|Any CPU
	EndGlobalSection
	GlobalSection(SolutionProperties) = preSolution
		HideSolutionNode = FALSE
	EndGlobalSection
	GlobalSection(ExtensibilityGlobals) = postSolution
		SolutionGuid = {4F76A606-0971-4536-998E-44F97BEAF876}
	EndGlobalSection
EndGlobal
