
Microsoft Visual Studio Solution File, Format Version 12.00
# Visual Studio Version 16
VisualStudioVersion = 16.0.30413.136
MinimumVisualStudioVersion = 10.0.40219.1
Project("{FAE04EC0-301F-11D3-BF4B-00C04F79EFBC}") = "GameConsole", "GameConsole.csproj", "{2748D76C-8B3F-4FCC-A3A9-2910EBA10490}"
EndProject
Global
	GlobalSection(SolutionConfigurationPlatforms) = preSolution
		Debug|Any CPU = Debug|Any CPU
		Release|Any CPU = Release|Any CPU
	EndGlobalSection
	GlobalSection(ProjectConfigurationPlatforms) = postSolution
		{2748D76C-8B3F-4FCC-A3A9-2910EBA10490}.Debug|Any CPU.ActiveCfg = Debug|Any CPU
		{2748D76C-8B3F-4FCC-A3A9-2910EBA10490}.Debug|Any CPU.Build.0 = Debug|Any CPU
		{2748D76C-8B3F-4FCC-A3A9-2910EBA10490}.Release|Any CPU.ActiveCfg = Release|Any CPU
		{2748D76C-8B3F-4FCC-A3A9-2910EBA10490}.Release|Any CPU.Build.0 = Release|Any CPU
	EndGlobalSection
	GlobalSection(SolutionProperties) = preSolution
		HideSolutionNode = FALSE
	EndGlobalSection
	GlobalSection(ExtensibilityGlobals) = postSolution
		SolutionGuid = {3DC7AD22-3B15-4714-8645-3F4B73BE9A93}
	EndGlobalSection
EndGlobal
