
Microsoft Visual Studio Solution File, Format Version 12.00
# Visual Studio Version 16
VisualStudioVersion = 16.0.30309.148
MinimumVisualStudioVersion = 10.0.40219.1
Project("{9A19103F-16F7-4668-BE54-9A1E7A4F7556}") = "Introduction", "Introduction\Introduction.csproj", "{6D7833E4-C890-49F8-A381-A7DE4AFBD52E}"
EndProject
Project("{9A19103F-16F7-4668-BE54-9A1E7A4F7556}") = "Features", "Features\Features.csproj", "{8FDF5EBB-EA8C-410A-9F0E-004D5D1282FE}"
EndProject
Project("{FAE04EC0-301F-11D3-BF4B-00C04F79EFBC}") = "Queries", "Queries\Queries.csproj", "{016A0907-A9CB-49AA-8A22-AF2CB2B591CF}"
EndProject
Global
	GlobalSection(SolutionConfigurationPlatforms) = preSolution
		Debug|Any CPU = Debug|Any CPU
		Release|Any CPU = Release|Any CPU
	EndGlobalSection
	GlobalSection(ProjectConfigurationPlatforms) = postSolution
		{6D7833E4-C890-49F8-A381-A7DE4AFBD52E}.Debug|Any CPU.ActiveCfg = Debug|Any CPU
		{6D7833E4-C890-49F8-A381-A7DE4AFBD52E}.Debug|Any CPU.Build.0 = Debug|Any CPU
		{6D7833E4-C890-49F8-A381-A7DE4AFBD52E}.Release|Any CPU.ActiveCfg = Release|Any CPU
		{6D7833E4-C890-49F8-A381-A7DE4AFBD52E}.Release|Any CPU.Build.0 = Release|Any CPU
		{8FDF5EBB-EA8C-410A-9F0E-004D5D1282FE}.Debug|Any CPU.ActiveCfg = Debug|Any CPU
		{8FDF5EBB-EA8C-410A-9F0E-004D5D1282FE}.Debug|Any CPU.Build.0 = Debug|Any CPU
		{8FDF5EBB-EA8C-410A-9F0E-004D5D1282FE}.Release|Any CPU.ActiveCfg = Release|Any CPU
		{8FDF5EBB-EA8C-410A-9F0E-004D5D1282FE}.Release|Any CPU.Build.0 = Release|Any CPU
		{016A0907-A9CB-49AA-8A22-AF2CB2B591CF}.Debug|Any CPU.ActiveCfg = Debug|Any CPU
		{016A0907-A9CB-49AA-8A22-AF2CB2B591CF}.Debug|Any CPU.Build.0 = Debug|Any CPU
		{016A0907-A9CB-49AA-8A22-AF2CB2B591CF}.Release|Any CPU.ActiveCfg = Release|Any CPU
		{016A0907-A9CB-49AA-8A22-AF2CB2B591CF}.Release|Any CPU.Build.0 = Release|Any CPU
	EndGlobalSection
	GlobalSection(SolutionProperties) = preSolution
		HideSolutionNode = FALSE
	EndGlobalSection
	GlobalSection(ExtensibilityGlobals) = postSolution
		SolutionGuid = {25AF3974-9047-4A6A-BE26-B4B43E0987E6}
	EndGlobalSection
EndGlobal
